
Microsoft Visual Studio Solution File, Format Version 12.00
Project("{FAE04EC0-301F-11D3-BF4B-00C04F79EFBC}") = "discoteka-cli", "discoteka-cli\discoteka-cli.csproj", "{B08E3CC8-A25A-47E6-B147-12121CDB9070}"
EndProject
Project("{FAE04EC0-301F-11D3-BF4B-00C04F79EFBC}") = "discoteka", "discoteka\discoteka.csproj", "{C8BD79F8-A3B1-43F2-AD21-D5BC7C96EF1F}"
EndProject
Global
	GlobalSection(SolutionConfigurationPlatforms) = preSolution
		Debug|Any CPU = Debug|Any CPU
		Release|Any CPU = Release|Any CPU
	EndGlobalSection
	GlobalSection(ProjectConfigurationPlatforms) = postSolution
		{B08E3CC8-A25A-47E6-B147-12121CDB9070}.Debug|Any CPU.ActiveCfg = Debug|Any CPU
		{B08E3CC8-A25A-47E6-B147-12121CDB9070}.Debug|Any CPU.Build.0 = Debug|Any CPU
		{B08E3CC8-A25A-47E6-B147-12121CDB9070}.Release|Any CPU.ActiveCfg = Release|Any CPU
		{B08E3CC8-A25A-47E6-B147-12121CDB9070}.Release|Any CPU.Build.0 = Release|Any CPU
		{C8BD79F8-A3B1-43F2-AD21-D5BC7C96EF1F}.Debug|Any CPU.ActiveCfg = Debug|Any CPU
		{C8BD79F8-A3B1-43F2-AD21-D5BC7C96EF1F}.Debug|Any CPU.Build.0 = Debug|Any CPU
		{C8BD79F8-A3B1-43F2-AD21-D5BC7C96EF1F}.Release|Any CPU.ActiveCfg = Release|Any CPU
		{C8BD79F8-A3B1-43F2-AD21-D5BC7C96EF1F}.Release|Any CPU.Build.0 = Release|Any CPU
	EndGlobalSection
EndGlobal
